// !$*UTF8*$!
{
	archiveVersion = 1;
	classes = {
	};
	objectVersion = 51;
	objects = {

/* Begin PBXBuildFile section */
		74D23DF80E99E7199F0C2B48 /* Pods_AdessoVIPER.framework in Frameworks */ = {isa = PBXBuildFile; fileRef = 7FF15D45A1ED4EDFDE07D512 /* Pods_AdessoVIPER.framework */; };
		F9B8FD6523C8DACA003EB2B2 /* AppDelegate.swift in Sources */ = {isa = PBXBuildFile; fileRef = F9B8FD6423C8DACA003EB2B2 /* AppDelegate.swift */; };
		F9B8FD6723C8DACA003EB2B2 /* SceneDelegate.swift in Sources */ = {isa = PBXBuildFile; fileRef = F9B8FD6623C8DACA003EB2B2 /* SceneDelegate.swift */; };
		F9B8FD6923C8DACA003EB2B2 /* ViewController.swift in Sources */ = {isa = PBXBuildFile; fileRef = F9B8FD6823C8DACA003EB2B2 /* ViewController.swift */; };
		F9B8FD6C23C8DACA003EB2B2 /* Main.storyboard in Resources */ = {isa = PBXBuildFile; fileRef = F9B8FD6A23C8DACA003EB2B2 /* Main.storyboard */; };
		F9B8FD6E23C8DACC003EB2B2 /* Assets.xcassets in Resources */ = {isa = PBXBuildFile; fileRef = F9B8FD6D23C8DACC003EB2B2 /* Assets.xcassets */; };
		F9B8FD7123C8DACC003EB2B2 /* LaunchScreen.storyboard in Resources */ = {isa = PBXBuildFile; fileRef = F9B8FD6F23C8DACC003EB2B2 /* LaunchScreen.storyboard */; };
		F9B8FD7E23C8DDCA003EB2B2 /* BaseNavigationController.swift in Sources */ = {isa = PBXBuildFile; fileRef = F9B8FD7D23C8DDCA003EB2B2 /* BaseNavigationController.swift */; };
		F9B8FD8423C8DFCE003EB2B2 /* ListVC.swift in Sources */ = {isa = PBXBuildFile; fileRef = F9B8FD8223C8DFCE003EB2B2 /* ListVC.swift */; };
		F9B8FD8523C8DFCE003EB2B2 /* ListVC.xib in Resources */ = {isa = PBXBuildFile; fileRef = F9B8FD8323C8DFCE003EB2B2 /* ListVC.xib */; };
		F9B8FD8923C8E168003EB2B2 /* ListTableViewCell.swift in Sources */ = {isa = PBXBuildFile; fileRef = F9B8FD8723C8E168003EB2B2 /* ListTableViewCell.swift */; };
		F9B8FD8A23C8E168003EB2B2 /* ListTableViewCell.xib in Resources */ = {isa = PBXBuildFile; fileRef = F9B8FD8823C8E168003EB2B2 /* ListTableViewCell.xib */; };
		F9B8FD8D23C8E760003EB2B2 /* itunesAPI.swift in Sources */ = {isa = PBXBuildFile; fileRef = F9B8FD8C23C8E760003EB2B2 /* itunesAPI.swift */; };
		F9B8FD9123C8E893003EB2B2 /* SongListModel.swift in Sources */ = {isa = PBXBuildFile; fileRef = F9B8FD9023C8E893003EB2B2 /* SongListModel.swift */; };
		F9B8FD9323C8E8B8003EB2B2 /* Media.swift in Sources */ = {isa = PBXBuildFile; fileRef = F9B8FD9223C8E8B8003EB2B2 /* Media.swift */; };
/* End PBXBuildFile section */

/* Begin PBXFileReference section */
		2B3E0C1FC4EBE0BF07840A0B /* Pods-AdessoVIPER.release.xcconfig */ = {isa = PBXFileReference; includeInIndex = 1; lastKnownFileType = text.xcconfig; name = "Pods-AdessoVIPER.release.xcconfig"; path = "Target Support Files/Pods-AdessoVIPER/Pods-AdessoVIPER.release.xcconfig"; sourceTree = "<group>"; };
		556835F245F48B35E3DC51BF /* Pods-AdessoVIPER.debug.xcconfig */ = {isa = PBXFileReference; includeInIndex = 1; lastKnownFileType = text.xcconfig; name = "Pods-AdessoVIPER.debug.xcconfig"; path = "Target Support Files/Pods-AdessoVIPER/Pods-AdessoVIPER.debug.xcconfig"; sourceTree = "<group>"; };
		7FF15D45A1ED4EDFDE07D512 /* Pods_AdessoVIPER.framework */ = {isa = PBXFileReference; explicitFileType = wrapper.framework; includeInIndex = 0; path = Pods_AdessoVIPER.framework; sourceTree = BUILT_PRODUCTS_DIR; };
		F9B8FD6123C8DACA003EB2B2 /* AdessoVIPER.app */ = {isa = PBXFileReference; explicitFileType = wrapper.application; includeInIndex = 0; path = AdessoVIPER.app; sourceTree = BUILT_PRODUCTS_DIR; };
		F9B8FD6423C8DACA003EB2B2 /* AppDelegate.swift */ = {isa = PBXFileReference; lastKnownFileType = sourcecode.swift; path = AppDelegate.swift; sourceTree = "<group>"; };
		F9B8FD6623C8DACA003EB2B2 /* SceneDelegate.swift */ = {isa = PBXFileReference; lastKnownFileType = sourcecode.swift; path = SceneDelegate.swift; sourceTree = "<group>"; };
		F9B8FD6823C8DACA003EB2B2 /* ViewController.swift */ = {isa = PBXFileReference; lastKnownFileType = sourcecode.swift; path = ViewController.swift; sourceTree = "<group>"; };
		F9B8FD6B23C8DACA003EB2B2 /* Base */ = {isa = PBXFileReference; lastKnownFileType = file.storyboard; name = Base; path = Base.lproj/Main.storyboard; sourceTree = "<group>"; };
		F9B8FD6D23C8DACC003EB2B2 /* Assets.xcassets */ = {isa = PBXFileReference; lastKnownFileType = folder.assetcatalog; path = Assets.xcassets; sourceTree = "<group>"; };
		F9B8FD7023C8DACC003EB2B2 /* Base */ = {isa = PBXFileReference; lastKnownFileType = file.storyboard; name = Base; path = Base.lproj/LaunchScreen.storyboard; sourceTree = "<group>"; };
		F9B8FD7223C8DACC003EB2B2 /* Info.plist */ = {isa = PBXFileReference; lastKnownFileType = text.plist.xml; path = Info.plist; sourceTree = "<group>"; };
		F9B8FD7D23C8DDCA003EB2B2 /* BaseNavigationController.swift */ = {isa = PBXFileReference; lastKnownFileType = sourcecode.swift; path = BaseNavigationController.swift; sourceTree = "<group>"; };
		F9B8FD8223C8DFCE003EB2B2 /* ListVC.swift */ = {isa = PBXFileReference; lastKnownFileType = sourcecode.swift; path = ListVC.swift; sourceTree = "<group>"; };
		F9B8FD8323C8DFCE003EB2B2 /* ListVC.xib */ = {isa = PBXFileReference; lastKnownFileType = file.xib; path = ListVC.xib; sourceTree = "<group>"; };
		F9B8FD8723C8E168003EB2B2 /* ListTableViewCell.swift */ = {isa = PBXFileReference; lastKnownFileType = sourcecode.swift; path = ListTableViewCell.swift; sourceTree = "<group>"; };
		F9B8FD8823C8E168003EB2B2 /* ListTableViewCell.xib */ = {isa = PBXFileReference; lastKnownFileType = file.xib; path = ListTableViewCell.xib; sourceTree = "<group>"; };
		F9B8FD8C23C8E760003EB2B2 /* itunesAPI.swift */ = {isa = PBXFileReference; lastKnownFileType = sourcecode.swift; path = itunesAPI.swift; sourceTree = "<group>"; };
		F9B8FD9023C8E893003EB2B2 /* SongListModel.swift */ = {isa = PBXFileReference; lastKnownFileType = sourcecode.swift; path = SongListModel.swift; sourceTree = "<group>"; };
		F9B8FD9223C8E8B8003EB2B2 /* Media.swift */ = {isa = PBXFileReference; lastKnownFileType = sourcecode.swift; path = Media.swift; sourceTree = "<group>"; };
/* End PBXFileReference section */

/* Begin PBXFrameworksBuildPhase section */
		F9B8FD5E23C8DACA003EB2B2 /* Frameworks */ = {
			isa = PBXFrameworksBuildPhase;
			buildActionMask = 2147483647;
			files = (
				74D23DF80E99E7199F0C2B48 /* Pods_AdessoVIPER.framework in Frameworks */,
			);
			runOnlyForDeploymentPostprocessing = 0;
		};
/* End PBXFrameworksBuildPhase section */

/* Begin PBXGroup section */
		27788CED80AF504AF8CAFEC6 /* Pods */ = {
			isa = PBXGroup;
			children = (
				556835F245F48B35E3DC51BF /* Pods-AdessoVIPER.debug.xcconfig */,
				2B3E0C1FC4EBE0BF07840A0B /* Pods-AdessoVIPER.release.xcconfig */,
			);
			path = Pods;
			sourceTree = "<group>";
		};
		EFA4D1C983D93556C7BE099D /* Frameworks */ = {
			isa = PBXGroup;
			children = (
				7FF15D45A1ED4EDFDE07D512 /* Pods_AdessoVIPER.framework */,
			);
			name = Frameworks;
			sourceTree = "<group>";
		};
		F9B8FD5823C8DACA003EB2B2 = {
			isa = PBXGroup;
			children = (
				F9B8FD6323C8DACA003EB2B2 /* AdessoVIPER */,
				F9B8FD6223C8DACA003EB2B2 /* Products */,
				27788CED80AF504AF8CAFEC6 /* Pods */,
				EFA4D1C983D93556C7BE099D /* Frameworks */,
			);
			sourceTree = "<group>";
		};
		F9B8FD6223C8DACA003EB2B2 /* Products */ = {
			isa = PBXGroup;
			children = (
				F9B8FD6123C8DACA003EB2B2 /* AdessoVIPER.app */,
			);
			name = Products;
			sourceTree = "<group>";
		};
		F9B8FD6323C8DACA003EB2B2 /* AdessoVIPER */ = {
			isa = PBXGroup;
			children = (
				F9B8FD7C23C8DCBE003EB2B2 /* Base */,
				F9B8FD7B23C8DCB5003EB2B2 /* App */,
				F9B8FD7A23C8DCB0003EB2B2 /* Scenes */,
				F9B8FD7923C8DCA8003EB2B2 /* Network */,
				F9B8FD7823C8DC97003EB2B2 /* Resources */,
				F9B8FD6423C8DACA003EB2B2 /* AppDelegate.swift */,
				F9B8FD6623C8DACA003EB2B2 /* SceneDelegate.swift */,
				F9B8FD6823C8DACA003EB2B2 /* ViewController.swift */,
				F9B8FD6A23C8DACA003EB2B2 /* Main.storyboard */,
				F9B8FD6D23C8DACC003EB2B2 /* Assets.xcassets */,
				F9B8FD6F23C8DACC003EB2B2 /* LaunchScreen.storyboard */,
				F9B8FD7223C8DACC003EB2B2 /* Info.plist */,
			);
			path = AdessoVIPER;
			sourceTree = "<group>";
		};
		F9B8FD7823C8DC97003EB2B2 /* Resources */ = {
			isa = PBXGroup;
			children = (
			);
			path = Resources;
			sourceTree = "<group>";
		};
		F9B8FD7923C8DCA8003EB2B2 /* Network */ = {
			isa = PBXGroup;
			children = (
				F9B8FD8F23C8E873003EB2B2 /* Models */,
				F9B8FD8B23C8E74B003EB2B2 /* ApiService */,
			);
			path = Network;
			sourceTree = "<group>";
		};
		F9B8FD7A23C8DCB0003EB2B2 /* Scenes */ = {
			isa = PBXGroup;
			children = (
				F9B8FD8623C8E14E003EB2B2 /* Cell */,
				F9B8FD8123C8DFB2003EB2B2 /* ListVC */,
			);
			path = Scenes;
			sourceTree = "<group>";
		};
		F9B8FD7B23C8DCB5003EB2B2 /* App */ = {
			isa = PBXGroup;
			children = (
			);
			path = App;
			sourceTree = "<group>";
		};
		F9B8FD7C23C8DCBE003EB2B2 /* Base */ = {
			isa = PBXGroup;
			children = (
				F9B8FD7D23C8DDCA003EB2B2 /* BaseNavigationController.swift */,
			);
			path = Base;
			sourceTree = "<group>";
		};
		F9B8FD8123C8DFB2003EB2B2 /* ListVC */ = {
			isa = PBXGroup;
			children = (
				F9B8FD8223C8DFCE003EB2B2 /* ListVC.swift */,
				F9B8FD8323C8DFCE003EB2B2 /* ListVC.xib */,
			);
			path = ListVC;
			sourceTree = "<group>";
		};
		F9B8FD8623C8E14E003EB2B2 /* Cell */ = {
			isa = PBXGroup;
			children = (
				F9B8FD8723C8E168003EB2B2 /* ListTableViewCell.swift */,
				F9B8FD8823C8E168003EB2B2 /* ListTableViewCell.xib */,
			);
			path = Cell;
			sourceTree = "<group>";
		};
		F9B8FD8B23C8E74B003EB2B2 /* ApiService */ = {
			isa = PBXGroup;
			children = (
				F9B8FD8C23C8E760003EB2B2 /* itunesAPI.swift */,
			);
			path = ApiService;
			sourceTree = "<group>";
		};
		F9B8FD8F23C8E873003EB2B2 /* Models */ = {
			isa = PBXGroup;
			children = (
				F9B8FD9023C8E893003EB2B2 /* SongListModel.swift */,
				F9B8FD9223C8E8B8003EB2B2 /* Media.swift */,
			);
			path = Models;
			sourceTree = "<group>";
		};
/* End PBXGroup section */

/* Begin PBXNativeTarget section */
		F9B8FD6023C8DACA003EB2B2 /* AdessoVIPER */ = {
			isa = PBXNativeTarget;
			buildConfigurationList = F9B8FD7523C8DACC003EB2B2 /* Build configuration list for PBXNativeTarget "AdessoVIPER" */;
			buildPhases = (
				CCC023AAB68BE730D26C23CC /* [CP] Check Pods Manifest.lock */,
				F9B8FD5D23C8DACA003EB2B2 /* Sources */,
				F9B8FD5E23C8DACA003EB2B2 /* Frameworks */,
				F9B8FD5F23C8DACA003EB2B2 /* Resources */,
				6E44404A9FF77CEC99187EA9 /* [CP] Embed Pods Frameworks */,
			);
			buildRules = (
			);
			dependencies = (
			);
			name = AdessoVIPER;
			productName = AdessoVIPER;
			productReference = F9B8FD6123C8DACA003EB2B2 /* AdessoVIPER.app */;
			productType = "com.apple.product-type.application";
		};
/* End PBXNativeTarget section */

/* Begin PBXProject section */
		F9B8FD5923C8DACA003EB2B2 /* Project object */ = {
			isa = PBXProject;
			attributes = {
				LastSwiftUpdateCheck = 1120;
				LastUpgradeCheck = 1120;
				ORGANIZATIONNAME = "Abdülbaki Kaplan";
				TargetAttributes = {
					F9B8FD6023C8DACA003EB2B2 = {
						CreatedOnToolsVersion = 11.2.1;
					};
				};
			};
			buildConfigurationList = F9B8FD5C23C8DACA003EB2B2 /* Build configuration list for PBXProject "AdessoVIPER" */;
			compatibilityVersion = "Xcode 9.3";
			developmentRegion = en;
			hasScannedForEncodings = 0;
			knownRegions = (
				en,
				Base,
			);
			mainGroup = F9B8FD5823C8DACA003EB2B2;
			productRefGroup = F9B8FD6223C8DACA003EB2B2 /* Products */;
			projectDirPath = "";
			projectRoot = "";
			targets = (
				F9B8FD6023C8DACA003EB2B2 /* AdessoVIPER */,
			);
		};
/* End PBXProject section */

/* Begin PBXResourcesBuildPhase section */
		F9B8FD5F23C8DACA003EB2B2 /* Resources */ = {
			isa = PBXResourcesBuildPhase;
			buildActionMask = 2147483647;
			files = (
				F9B8FD8523C8DFCE003EB2B2 /* ListVC.xib in Resources */,
				F9B8FD7123C8DACC003EB2B2 /* LaunchScreen.storyboard in Resources */,
				F9B8FD6E23C8DACC003EB2B2 /* Assets.xcassets in Resources */,
				F9B8FD6C23C8DACA003EB2B2 /* Main.storyboard in Resources */,
				F9B8FD8A23C8E168003EB2B2 /* ListTableViewCell.xib in Resources */,
			);
			runOnlyForDeploymentPostprocessing = 0;
		};
/* End PBXResourcesBuildPhase section */

/* Begin PBXShellScriptBuildPhase section */
		6E44404A9FF77CEC99187EA9 /* [CP] Embed Pods Frameworks */ = {
			isa = PBXShellScriptBuildPhase;
			buildActionMask = 2147483647;
			files = (
			);
			inputFileListPaths = (
				"${PODS_ROOT}/Target Support Files/Pods-AdessoVIPER/Pods-AdessoVIPER-frameworks-${CONFIGURATION}-input-files.xcfilelist",
			);
			name = "[CP] Embed Pods Frameworks";
			outputFileListPaths = (
				"${PODS_ROOT}/Target Support Files/Pods-AdessoVIPER/Pods-AdessoVIPER-frameworks-${CONFIGURATION}-output-files.xcfilelist",
			);
			runOnlyForDeploymentPostprocessing = 0;
			shellPath = /bin/sh;
			shellScript = "\"${PODS_ROOT}/Target Support Files/Pods-AdessoVIPER/Pods-AdessoVIPER-frameworks.sh\"\n";
			showEnvVarsInLog = 0;
		};
		CCC023AAB68BE730D26C23CC /* [CP] Check Pods Manifest.lock */ = {
			isa = PBXShellScriptBuildPhase;
			buildActionMask = 2147483647;
			files = (
			);
			inputFileListPaths = (
			);
			inputPaths = (
				"${PODS_PODFILE_DIR_PATH}/Podfile.lock",
				"${PODS_ROOT}/Manifest.lock",
			);
			name = "[CP] Check Pods Manifest.lock";
			outputFileListPaths = (
			);
			outputPaths = (
				"$(DERIVED_FILE_DIR)/Pods-AdessoVIPER-checkManifestLockResult.txt",
			);
			runOnlyForDeploymentPostprocessing = 0;
			shellPath = /bin/sh;
			shellScript = "diff \"${PODS_PODFILE_DIR_PATH}/Podfile.lock\" \"${PODS_ROOT}/Manifest.lock\" > /dev/null\nif [ $? != 0 ] ; then\n    # print error to STDERR\n    echo \"error: The sandbox is not in sync with the Podfile.lock. Run 'pod install' or update your CocoaPods installation.\" >&2\n    exit 1\nfi\n# This output is used by Xcode 'outputs' to avoid re-running this script phase.\necho \"SUCCESS\" > \"${SCRIPT_OUTPUT_FILE_0}\"\n";
			showEnvVarsInLog = 0;
		};
/* End PBXShellScriptBuildPhase section */

/* Begin PBXSourcesBuildPhase section */
		F9B8FD5D23C8DACA003EB2B2 /* Sources */ = {
			isa = PBXSourcesBuildPhase;
			buildActionMask = 2147483647;
			files = (
				F9B8FD7E23C8DDCA003EB2B2 /* BaseNavigationController.swift in Sources */,
				F9B8FD8423C8DFCE003EB2B2 /* ListVC.swift in Sources */,
				F9B8FD9123C8E893003EB2B2 /* SongListModel.swift in Sources */,
				F9B8FD6923C8DACA003EB2B2 /* ViewController.swift in Sources */,
				F9B8FD6523C8DACA003EB2B2 /* AppDelegate.swift in Sources */,
				F9B8FD9323C8E8B8003EB2B2 /* Media.swift in Sources */,
				F9B8FD6723C8DACA003EB2B2 /* SceneDelegate.swift in Sources */,
				F9B8FD8D23C8E760003EB2B2 /* itunesAPI.swift in Sources */,
				F9B8FD8923C8E168003EB2B2 /* ListTableViewCell.swift in Sources */,
			);
			runOnlyForDeploymentPostprocessing = 0;
		};
/* End PBXSourcesBuildPhase section */

/* Begin PBXVariantGroup section */
		F9B8FD6A23C8DACA003EB2B2 /* Main.storyboard */ = {
			isa = PBXVariantGroup;
			children = (
				F9B8FD6B23C8DACA003EB2B2 /* Base */,
			);
			name = Main.storyboard;
			sourceTree = "<group>";
		};
		F9B8FD6F23C8DACC003EB2B2 /* LaunchScreen.storyboard */ = {
			isa = PBXVariantGroup;
			children = (
				F9B8FD7023C8DACC003EB2B2 /* Base */,
			);
			name = LaunchScreen.storyboard;
			sourceTree = "<group>";
		};
/* End PBXVariantGroup section */

/* Begin XCBuildConfiguration section */
		F9B8FD7323C8DACC003EB2B2 /* Debug */ = {
			isa = XCBuildConfiguration;
			buildSettings = {
				ALWAYS_SEARCH_USER_PATHS = NO;
				CLANG_ANALYZER_NONNULL = YES;
				CLANG_ANALYZER_NUMBER_OBJECT_CONVERSION = YES_AGGRESSIVE;
				CLANG_CXX_LANGUAGE_STANDARD = "gnu++14";
				CLANG_CXX_LIBRARY = "libc++";
				CLANG_ENABLE_MODULES = YES;
				CLANG_ENABLE_OBJC_ARC = YES;
				CLANG_ENABLE_OBJC_WEAK = YES;
				CLANG_WARN_BLOCK_CAPTURE_AUTORELEASING = YES;
				CLANG_WARN_BOOL_CONVERSION = YES;
				CLANG_WARN_COMMA = YES;
				CLANG_WARN_CONSTANT_CONVERSION = YES;
				CLANG_WARN_DEPRECATED_OBJC_IMPLEMENTATIONS = YES;
				CLANG_WARN_DIRECT_OBJC_ISA_USAGE = YES_ERROR;
				CLANG_WARN_DOCUMENTATION_COMMENTS = YES;
				CLANG_WARN_EMPTY_BODY = YES;
				CLANG_WARN_ENUM_CONVERSION = YES;
				CLANG_WARN_INFINITE_RECURSION = YES;
				CLANG_WARN_INT_CONVERSION = YES;
				CLANG_WARN_NON_LITERAL_NULL_CONVERSION = YES;
				CLANG_WARN_OBJC_IMPLICIT_RETAIN_SELF = YES;
				CLANG_WARN_OBJC_LITERAL_CONVERSION = YES;
				CLANG_WARN_OBJC_ROOT_CLASS = YES_ERROR;
				CLANG_WARN_RANGE_LOOP_ANALYSIS = YES;
				CLANG_WARN_STRICT_PROTOTYPES = YES;
				CLANG_WARN_SUSPICIOUS_MOVE = YES;
				CLANG_WARN_UNGUARDED_AVAILABILITY = YES_AGGRESSIVE;
				CLANG_WARN_UNREACHABLE_CODE = YES;
				CLANG_WARN__DUPLICATE_METHOD_MATCH = YES;
				COPY_PHASE_STRIP = NO;
				DEBUG_INFORMATION_FORMAT = dwarf;
				ENABLE_STRICT_OBJC_MSGSEND = YES;
				ENABLE_TESTABILITY = YES;
				GCC_C_LANGUAGE_STANDARD = gnu11;
				GCC_DYNAMIC_NO_PIC = NO;
				GCC_NO_COMMON_BLOCKS = YES;
				GCC_OPTIMIZATION_LEVEL = 0;
				GCC_PREPROCESSOR_DEFINITIONS = (
					"DEBUG=1",
					"$(inherited)",
				);
				GCC_WARN_64_TO_32_BIT_CONVERSION = YES;
				GCC_WARN_ABOUT_RETURN_TYPE = YES_ERROR;
				GCC_WARN_UNDECLARED_SELECTOR = YES;
				GCC_WARN_UNINITIALIZED_AUTOS = YES_AGGRESSIVE;
				GCC_WARN_UNUSED_FUNCTION = YES;
				GCC_WARN_UNUSED_VARIABLE = YES;
				IPHONEOS_DEPLOYMENT_TARGET = 13.2;
				MTL_ENABLE_DEBUG_INFO = INCLUDE_SOURCE;
				MTL_FAST_MATH = YES;
				ONLY_ACTIVE_ARCH = YES;
				SDKROOT = iphoneos;
				SWIFT_ACTIVE_COMPILATION_CONDITIONS = DEBUG;
				SWIFT_OPTIMIZATION_LEVEL = "-Onone";
			};
			name = Debug;
		};
		F9B8FD7423C8DACC003EB2B2 /* Release */ = {
			isa = XCBuildConfiguration;
			buildSettings = {
				ALWAYS_SEARCH_USER_PATHS = NO;
				CLANG_ANALYZER_NONNULL = YES;
				CLANG_ANALYZER_NUMBER_OBJECT_CONVERSION = YES_AGGRESSIVE;
				CLANG_CXX_LANGUAGE_STANDARD = "gnu++14";
				CLANG_CXX_LIBRARY = "libc++";
				CLANG_ENABLE_MODULES = YES;
				CLANG_ENABLE_OBJC_ARC = YES;
				CLANG_ENABLE_OBJC_WEAK = YES;
				CLANG_WARN_BLOCK_CAPTURE_AUTORELEASING = YES;
				CLANG_WARN_BOOL_CONVERSION = YES;
				CLANG_WARN_COMMA = YES;
				CLANG_WARN_CONSTANT_CONVERSION = YES;
				CLANG_WARN_DEPRECATED_OBJC_IMPLEMENTATIONS = YES;
				CLANG_WARN_DIRECT_OBJC_ISA_USAGE = YES_ERROR;
				CLANG_WARN_DOCUMENTATION_COMMENTS = YES;
				CLANG_WARN_EMPTY_BODY = YES;
				CLANG_WARN_ENUM_CONVERSION = YES;
				CLANG_WARN_INFINITE_RECURSION = YES;
				CLANG_WARN_INT_CONVERSION = YES;
				CLANG_WARN_NON_LITERAL_NULL_CONVERSION = YES;
				CLANG_WARN_OBJC_IMPLICIT_RETAIN_SELF = YES;
				CLANG_WARN_OBJC_LITERAL_CONVERSION = YES;
				CLANG_WARN_OBJC_ROOT_CLASS = YES_ERROR;
				CLANG_WARN_RANGE_LOOP_ANALYSIS = YES;
				CLANG_WARN_STRICT_PROTOTYPES = YES;
				CLANG_WARN_SUSPICIOUS_MOVE = YES;
				CLANG_WARN_UNGUARDED_AVAILABILITY = YES_AGGRESSIVE;
				CLANG_WARN_UNREACHABLE_CODE = YES;
				CLANG_WARN__DUPLICATE_METHOD_MATCH = YES;
				COPY_PHASE_STRIP = NO;
				DEBUG_INFORMATION_FORMAT = "dwarf-with-dsym";
				ENABLE_NS_ASSERTIONS = NO;
				ENABLE_STRICT_OBJC_MSGSEND = YES;
				GCC_C_LANGUAGE_STANDARD = gnu11;
				GCC_NO_COMMON_BLOCKS = YES;
				GCC_WARN_64_TO_32_BIT_CONVERSION = YES;
				GCC_WARN_ABOUT_RETURN_TYPE = YES_ERROR;
				GCC_WARN_UNDECLARED_SELECTOR = YES;
				GCC_WARN_UNINITIALIZED_AUTOS = YES_AGGRESSIVE;
				GCC_WARN_UNUSED_FUNCTION = YES;
				GCC_WARN_UNUSED_VARIABLE = YES;
				IPHONEOS_DEPLOYMENT_TARGET = 13.2;
				MTL_ENABLE_DEBUG_INFO = NO;
				MTL_FAST_MATH = YES;
				SDKROOT = iphoneos;
				SWIFT_COMPILATION_MODE = wholemodule;
				SWIFT_OPTIMIZATION_LEVEL = "-O";
				VALIDATE_PRODUCT = YES;
			};
			name = Release;
		};
		F9B8FD7623C8DACC003EB2B2 /* Debug */ = {
			isa = XCBuildConfiguration;
			baseConfigurationReference = 556835F245F48B35E3DC51BF /* Pods-AdessoVIPER.debug.xcconfig */;
			buildSettings = {
				ASSETCATALOG_COMPILER_APPICON_NAME = AppIcon;
				CODE_SIGN_STYLE = Automatic;
				DEVELOPMENT_TEAM = L8G29W99W7;
				INFOPLIST_FILE = AdessoVIPER/Info.plist;
				LD_RUNPATH_SEARCH_PATHS = (
					"$(inherited)",
					"@executable_path/Frameworks",
				);
				PRODUCT_BUNDLE_IDENTIFIER = baki.AdessoVIPER;
				PRODUCT_NAME = "$(TARGET_NAME)";
				SWIFT_VERSION = 5.0;
				TARGETED_DEVICE_FAMILY = "1,2";
			};
			name = Debug;
		};
		F9B8FD7723C8DACC003EB2B2 /* Release */ = {
			isa = XCBuildConfiguration;
			baseConfigurationReference = 2B3E0C1FC4EBE0BF07840A0B /* Pods-AdessoVIPER.release.xcconfig */;
			buildSettings = {
				ASSETCATALOG_COMPILER_APPICON_NAME = AppIcon;
				CODE_SIGN_STYLE = Automatic;
				DEVELOPMENT_TEAM = L8G29W99W7;
				INFOPLIST_FILE = AdessoVIPER/Info.plist;
				LD_RUNPATH_SEARCH_PATHS = (
					"$(inherited)",
					"@executable_path/Frameworks",
				);
				PRODUCT_BUNDLE_IDENTIFIER = baki.AdessoVIPER;
				PRODUCT_NAME = "$(TARGET_NAME)";
				SWIFT_VERSION = 5.0;
				TARGETED_DEVICE_FAMILY = "1,2";
			};
			name = Release;
		};
/* End XCBuildConfiguration section */

/* Begin XCConfigurationList section */
		F9B8FD5C23C8DACA003EB2B2 /* Build configuration list for PBXProject "AdessoVIPER" */ = {
			isa = XCConfigurationList;
			buildConfigurations = (
				F9B8FD7323C8DACC003EB2B2 /* Debug */,
				F9B8FD7423C8DACC003EB2B2 /* Release */,
			);
			defaultConfigurationIsVisible = 0;
			defaultConfigurationName = Release;
		};
		F9B8FD7523C8DACC003EB2B2 /* Build configuration list for PBXNativeTarget "AdessoVIPER" */ = {
			isa = XCConfigurationList;
			buildConfigurations = (
				F9B8FD7623C8DACC003EB2B2 /* Debug */,
				F9B8FD7723C8DACC003EB2B2 /* Release */,
			);
			defaultConfigurationIsVisible = 0;
			defaultConfigurationName = Release;
		};
/* End XCConfigurationList section */
	};
	rootObject = F9B8FD5923C8DACA003EB2B2 /* Project object */;
}
